
Microsoft Visual Studio Solution File, Format Version 12.00
# Visual Studio Version 16
VisualStudioVersion = 16.0.32106.194
MinimumVisualStudioVersion = 10.0.40219.1
Project("{8BC9CEB8-8B4A-11D0-8D11-00A0C91BC942}") = "cs303-assignment3-q5", "cs303-assignment3-q5.vcxproj", "{F4E2C4AF-C028-4DE1-B2EE-0BBA5D44F7A8}"
EndProject
Global
	GlobalSection(SolutionConfigurationPlatforms) = preSolution
		Debug|x64 = Debug|x64
		Debug|x86 = Debug|x86
		Release|x64 = Release|x64
		Release|x86 = Release|x86
	EndGlobalSection
	GlobalSection(ProjectConfigurationPlatforms) = postSolution
		{F4E2C4AF-C028-4DE1-B2EE-0BBA5D44F7A8}.Debug|x64.ActiveCfg = Debug|x64
		{F4E2C4AF-C028-4DE1-B2EE-0BBA5D44F7A8}.Debug|x64.Build.0 = Debug|x64
		{F4E2C4AF-C028-4DE1-B2EE-0BBA5D44F7A8}.Debug|x86.ActiveCfg = Debug|Win32
		{F4E2C4AF-C028-4DE1-B2EE-0BBA5D44F7A8}.Debug|x86.Build.0 = Debug|Win32
		{F4E2C4AF-C028-4DE1-B2EE-0BBA5D44F7A8}.Release|x64.ActiveCfg = Release|x64
		{F4E2C4AF-C028-4DE1-B2EE-0BBA5D44F7A8}.Release|x64.Build.0 = Release|x64
		{F4E2C4AF-C028-4DE1-B2EE-0BBA5D44F7A8}.Release|x86.ActiveCfg = Release|Win32
		{F4E2C4AF-C028-4DE1-B2EE-0BBA5D44F7A8}.Release|x86.Build.0 = Release|Win32
	EndGlobalSection
	GlobalSection(SolutionProperties) = preSolution
		HideSolutionNode = FALSE
	EndGlobalSection
	GlobalSection(ExtensibilityGlobals) = postSolution
		SolutionGuid = {1B0D56FE-9317-4301-A804-581252137E1A}
	EndGlobalSection
EndGlobal
